
Microsoft Visual Studio Solution File, Format Version 12.00
# Visual Studio Version 17
VisualStudioVersion = 17.2.32526.322
MinimumVisualStudioVersion = 10.0.40219.1
Project("{9A19103F-16F7-4668-BE54-9A1E7A4F7556}") = "cbsStudents", "cbsStudents.csproj", "{8287A5BE-295B-4615-A5EE-A2BB9B21FF26}"
EndProject
Global
	GlobalSection(SolutionConfigurationPlatforms) = preSolution
		Debug|Any CPU = Debug|Any CPU
		Release|Any CPU = Release|Any CPU
	EndGlobalSection
	GlobalSection(ProjectConfigurationPlatforms) = postSolution
		{8287A5BE-295B-4615-A5EE-A2BB9B21FF26}.Debug|Any CPU.ActiveCfg = Debug|Any CPU
		{8287A5BE-295B-4615-A5EE-A2BB9B21FF26}.Debug|Any CPU.Build.0 = Debug|Any CPU
		{8287A5BE-295B-4615-A5EE-A2BB9B21FF26}.Release|Any CPU.ActiveCfg = Release|Any CPU
		{8287A5BE-295B-4615-A5EE-A2BB9B21FF26}.Release|Any CPU.Build.0 = Release|Any CPU
	EndGlobalSection
	GlobalSection(SolutionProperties) = preSolution
		HideSolutionNode = FALSE
	EndGlobalSection
	GlobalSection(ExtensibilityGlobals) = postSolution
		SolutionGuid = {8DF2CAED-A779-491B-A69E-1EE1F1E86A0B}
	EndGlobalSection
EndGlobal
